
Microsoft Visual Studio Solution File, Format Version 12.00
# Visual Studio Version 16
VisualStudioVersion = 16.0.30709.132
MinimumVisualStudioVersion = 10.0.40219.1
Project("{9A19103F-16F7-4668-BE54-9A1E7A4F7556}") = "AdventOfCode.Runner", "AdventOfCode.Runner\AdventOfCode.Runner.csproj", "{CAFBE148-5CCA-48F4-8F7E-BD99221BBFD3}"
EndProject
Project("{6EC3EE1D-3C4E-46DD-8F32-0CC8E7565705}") = "AdventOfCode.Day01", "AdventOfCode.Solutions\AdventOfCode.Day01\AdventOfCode.Day01.fsproj", "{3816D105-5C64-4B93-A077-3F46AB0D8E4B}"
EndProject
Project("{6EC3EE1D-3C4E-46DD-8F32-0CC8E7565705}") = "AdventOfCode.Day02", "AdventOfCode.Solutions\AdventOfCode.Day02\AdventOfCode.Day02.fsproj", "{FBABA8E5-0F96-4717-B8DE-CFEE2D0445FA}"
EndProject
Project("{6EC3EE1D-3C4E-46DD-8F32-0CC8E7565705}") = "AdventOfCode.Day03", "AdventOfCode.Solutions\AdventOfCode.Day03\AdventOfCode.Day03.fsproj", "{442EB8BB-ED5E-4BF0-8FEB-2EF1E4D95AA7}"
EndProject
Project("{6EC3EE1D-3C4E-46DD-8F32-0CC8E7565705}") = "AdventOfCode.Day04", "AdventOfCode.Solutions\AdventOfCode.Day04\AdventOfCode.Day04.fsproj", "{45CE6CD4-8D39-403E-9757-3E1292767CB7}"
EndProject
Project("{6EC3EE1D-3C4E-46DD-8F32-0CC8E7565705}") = "AdventOfCode.Day05", "AdventOfCode.Solutions\AdventOfCode.Day05\AdventOfCode.Day05.fsproj", "{8047B83C-D895-4AEF-9511-6A622246CC60}"
EndProject
Project("{6EC3EE1D-3C4E-46DD-8F32-0CC8E7565705}") = "AdventOfCode.Day06", "AdventOfCode.Solutions\AdventOfCode.Day06\AdventOfCode.Day06.fsproj", "{7CE2652D-8EF4-43EF-8307-1BD2BCB41C4F}"
EndProject
Project("{6EC3EE1D-3C4E-46DD-8F32-0CC8E7565705}") = "AdventOfCode.Day07", "AdventOfCode.Solutions\AdventOfCode.Day07\AdventOfCode.Day07.fsproj", "{B78721DE-89CD-4F08-A2E2-CC9AFA58643B}"
EndProject
Project("{6EC3EE1D-3C4E-46DD-8F32-0CC8E7565705}") = "AdventOfCode.Day08", "AdventOfCode.Solutions\AdventOfCode.Day08\AdventOfCode.Day08.fsproj", "{204CCAB7-330E-4A76-9ED1-058A1D08459C}"
EndProject
Project("{6EC3EE1D-3C4E-46DD-8F32-0CC8E7565705}") = "AdventOfCode.Day09", "AdventOfCode.Solutions\AdventOfCode.Day09\AdventOfCode.Day09.fsproj", "{D1E3AE38-484C-418B-AAEB-865757DC4FF2}"
EndProject
Project("{6EC3EE1D-3C4E-46DD-8F32-0CC8E7565705}") = "AdventOfCode.Day10", "AdventOfCode.Solutions\AdventOfCode.Day10\AdventOfCode.Day10.fsproj", "{DB355EE2-2A36-4409-92D2-6625C3D11771}"
EndProject
Project("{6EC3EE1D-3C4E-46DD-8F32-0CC8E7565705}") = "AdventOfCode.Day11", "AdventOfCode.Solutions\AdventOfCode.Day11\AdventOfCode.Day11.fsproj", "{5E1ED4CC-BC59-4BD5-9A73-F2BFFDEA1572}"
EndProject
Project("{6EC3EE1D-3C4E-46DD-8F32-0CC8E7565705}") = "AdventOfCode.Day12", "AdventOfCode.Solutions\AdventOfCode.Day12\AdventOfCode.Day12.fsproj", "{E9B2388C-FF66-4576-80FF-62F373F94DB2}"
EndProject
Project("{6EC3EE1D-3C4E-46DD-8F32-0CC8E7565705}") = "AdventOfCode.Day13", "AdventOfCode.Solutions\AdventOfCode.Day13\AdventOfCode.Day13.fsproj", "{E54E5009-C5B5-43EF-A323-FC9BFCA9FE50}"
EndProject
Project("{6EC3EE1D-3C4E-46DD-8F32-0CC8E7565705}") = "AdventOfCode.Day14", "AdventOfCode.Solutions\AdventOfCode.Day14\AdventOfCode.Day14.fsproj", "{13BB1B94-736A-45F7-812C-79D450625976}"
EndProject
Project("{6EC3EE1D-3C4E-46DD-8F32-0CC8E7565705}") = "AdventOfCode.Day15", "AdventOfCode.Solutions\AdventOfCode.Day15\AdventOfCode.Day15.fsproj", "{A1A53687-20CD-4C2B-98A8-08ECC71F2BAD}"
EndProject
Project("{6EC3EE1D-3C4E-46DD-8F32-0CC8E7565705}") = "AdventOfCode.Day16", "AdventOfCode.Solutions\AdventOfCode.Day16\AdventOfCode.Day16.fsproj", "{41290E1D-A4DD-4538-B7A9-62F6359982C0}"
EndProject
Project("{6EC3EE1D-3C4E-46DD-8F32-0CC8E7565705}") = "AdventOfCode.Day17", "AdventOfCode.Solutions\AdventOfCode.Day17\AdventOfCode.Day17.fsproj", "{3FD69A6D-F691-4824-98D2-AD7DEFC4820A}"
EndProject
Project("{6EC3EE1D-3C4E-46DD-8F32-0CC8E7565705}") = "AdventOfCode.Day18", "AdventOfCode.Solutions\AdventOfCode.Day18\AdventOfCode.Day18.fsproj", "{F670BAE8-2AA8-44FD-9EFE-B292B0A4043A}"
EndProject
Project("{F2A71F9B-5D33-465A-A702-920D77279786}") = "AdventOfCode.Day19", "AdventOfCode.Solutions\AdventOfCode.Day19\AdventOfCode.Day19.fsproj", "{8A14F958-A924-485A-9971-FFB82249939C}"
EndProject
Global
	GlobalSection(SolutionConfigurationPlatforms) = preSolution
		Debug|Any CPU = Debug|Any CPU
		Release|Any CPU = Release|Any CPU
	EndGlobalSection
	GlobalSection(ProjectConfigurationPlatforms) = postSolution
		{CAFBE148-5CCA-48F4-8F7E-BD99221BBFD3}.Debug|Any CPU.ActiveCfg = Debug|Any CPU
		{CAFBE148-5CCA-48F4-8F7E-BD99221BBFD3}.Debug|Any CPU.Build.0 = Debug|Any CPU
		{CAFBE148-5CCA-48F4-8F7E-BD99221BBFD3}.Release|Any CPU.ActiveCfg = Release|Any CPU
		{CAFBE148-5CCA-48F4-8F7E-BD99221BBFD3}.Release|Any CPU.Build.0 = Release|Any CPU
		{3816D105-5C64-4B93-A077-3F46AB0D8E4B}.Debug|Any CPU.ActiveCfg = Debug|Any CPU
		{3816D105-5C64-4B93-A077-3F46AB0D8E4B}.Debug|Any CPU.Build.0 = Debug|Any CPU
		{3816D105-5C64-4B93-A077-3F46AB0D8E4B}.Release|Any CPU.ActiveCfg = Release|Any CPU
		{3816D105-5C64-4B93-A077-3F46AB0D8E4B}.Release|Any CPU.Build.0 = Release|Any CPU
		{FBABA8E5-0F96-4717-B8DE-CFEE2D0445FA}.Debug|Any CPU.ActiveCfg = Debug|Any CPU
		{FBABA8E5-0F96-4717-B8DE-CFEE2D0445FA}.Debug|Any CPU.Build.0 = Debug|Any CPU
		{FBABA8E5-0F96-4717-B8DE-CFEE2D0445FA}.Release|Any CPU.ActiveCfg = Release|Any CPU
		{FBABA8E5-0F96-4717-B8DE-CFEE2D0445FA}.Release|Any CPU.Build.0 = Release|Any CPU
		{442EB8BB-ED5E-4BF0-8FEB-2EF1E4D95AA7}.Debug|Any CPU.ActiveCfg = Debug|Any CPU
		{442EB8BB-ED5E-4BF0-8FEB-2EF1E4D95AA7}.Debug|Any CPU.Build.0 = Debug|Any CPU
		{442EB8BB-ED5E-4BF0-8FEB-2EF1E4D95AA7}.Release|Any CPU.ActiveCfg = Release|Any CPU
		{442EB8BB-ED5E-4BF0-8FEB-2EF1E4D95AA7}.Release|Any CPU.Build.0 = Release|Any CPU
		{45CE6CD4-8D39-403E-9757-3E1292767CB7}.Debug|Any CPU.ActiveCfg = Debug|Any CPU
		{45CE6CD4-8D39-403E-9757-3E1292767CB7}.Debug|Any CPU.Build.0 = Debug|Any CPU
		{45CE6CD4-8D39-403E-9757-3E1292767CB7}.Release|Any CPU.ActiveCfg = Release|Any CPU
		{45CE6CD4-8D39-403E-9757-3E1292767CB7}.Release|Any CPU.Build.0 = Release|Any CPU
		{8047B83C-D895-4AEF-9511-6A622246CC60}.Debug|Any CPU.ActiveCfg = Debug|Any CPU
		{8047B83C-D895-4AEF-9511-6A622246CC60}.Debug|Any CPU.Build.0 = Debug|Any CPU
		{8047B83C-D895-4AEF-9511-6A622246CC60}.Release|Any CPU.ActiveCfg = Release|Any CPU
		{8047B83C-D895-4AEF-9511-6A622246CC60}.Release|Any CPU.Build.0 = Release|Any CPU
		{7CE2652D-8EF4-43EF-8307-1BD2BCB41C4F}.Debug|Any CPU.ActiveCfg = Debug|Any CPU
		{7CE2652D-8EF4-43EF-8307-1BD2BCB41C4F}.Debug|Any CPU.Build.0 = Debug|Any CPU
		{7CE2652D-8EF4-43EF-8307-1BD2BCB41C4F}.Release|Any CPU.ActiveCfg = Release|Any CPU
		{7CE2652D-8EF4-43EF-8307-1BD2BCB41C4F}.Release|Any CPU.Build.0 = Release|Any CPU
		{B78721DE-89CD-4F08-A2E2-CC9AFA58643B}.Debug|Any CPU.ActiveCfg = Debug|Any CPU
		{B78721DE-89CD-4F08-A2E2-CC9AFA58643B}.Debug|Any CPU.Build.0 = Debug|Any CPU
		{B78721DE-89CD-4F08-A2E2-CC9AFA58643B}.Release|Any CPU.ActiveCfg = Release|Any CPU
		{B78721DE-89CD-4F08-A2E2-CC9AFA58643B}.Release|Any CPU.Build.0 = Release|Any CPU
		{204CCAB7-330E-4A76-9ED1-058A1D08459C}.Debug|Any CPU.ActiveCfg = Debug|Any CPU
		{204CCAB7-330E-4A76-9ED1-058A1D08459C}.Debug|Any CPU.Build.0 = Debug|Any CPU
		{204CCAB7-330E-4A76-9ED1-058A1D08459C}.Release|Any CPU.ActiveCfg = Release|Any CPU
		{204CCAB7-330E-4A76-9ED1-058A1D08459C}.Release|Any CPU.Build.0 = Release|Any CPU
		{D1E3AE38-484C-418B-AAEB-865757DC4FF2}.Debug|Any CPU.ActiveCfg = Debug|Any CPU
		{D1E3AE38-484C-418B-AAEB-865757DC4FF2}.Debug|Any CPU.Build.0 = Debug|Any CPU
		{D1E3AE38-484C-418B-AAEB-865757DC4FF2}.Release|Any CPU.ActiveCfg = Release|Any CPU
		{D1E3AE38-484C-418B-AAEB-865757DC4FF2}.Release|Any CPU.Build.0 = Release|Any CPU
		{DB355EE2-2A36-4409-92D2-6625C3D11771}.Debug|Any CPU.ActiveCfg = Debug|Any CPU
		{DB355EE2-2A36-4409-92D2-6625C3D11771}.Debug|Any CPU.Build.0 = Debug|Any CPU
		{DB355EE2-2A36-4409-92D2-6625C3D11771}.Release|Any CPU.ActiveCfg = Release|Any CPU
		{DB355EE2-2A36-4409-92D2-6625C3D11771}.Release|Any CPU.Build.0 = Release|Any CPU
		{5E1ED4CC-BC59-4BD5-9A73-F2BFFDEA1572}.Debug|Any CPU.ActiveCfg = Debug|Any CPU
		{5E1ED4CC-BC59-4BD5-9A73-F2BFFDEA1572}.Debug|Any CPU.Build.0 = Debug|Any CPU
		{5E1ED4CC-BC59-4BD5-9A73-F2BFFDEA1572}.Release|Any CPU.ActiveCfg = Release|Any CPU
		{5E1ED4CC-BC59-4BD5-9A73-F2BFFDEA1572}.Release|Any CPU.Build.0 = Release|Any CPU
		{E9B2388C-FF66-4576-80FF-62F373F94DB2}.Debug|Any CPU.ActiveCfg = Debug|Any CPU
		{E9B2388C-FF66-4576-80FF-62F373F94DB2}.Debug|Any CPU.Build.0 = Debug|Any CPU
		{E9B2388C-FF66-4576-80FF-62F373F94DB2}.Release|Any CPU.ActiveCfg = Release|Any CPU
		{E9B2388C-FF66-4576-80FF-62F373F94DB2}.Release|Any CPU.Build.0 = Release|Any CPU
		{E54E5009-C5B5-43EF-A323-FC9BFCA9FE50}.Debug|Any CPU.ActiveCfg = Debug|Any CPU
		{E54E5009-C5B5-43EF-A323-FC9BFCA9FE50}.Debug|Any CPU.Build.0 = Debug|Any CPU
		{E54E5009-C5B5-43EF-A323-FC9BFCA9FE50}.Release|Any CPU.ActiveCfg = Release|Any CPU
		{E54E5009-C5B5-43EF-A323-FC9BFCA9FE50}.Release|Any CPU.Build.0 = Release|Any CPU
		{13BB1B94-736A-45F7-812C-79D450625976}.Debug|Any CPU.ActiveCfg = Debug|Any CPU
		{13BB1B94-736A-45F7-812C-79D450625976}.Debug|Any CPU.Build.0 = Debug|Any CPU
		{13BB1B94-736A-45F7-812C-79D450625976}.Release|Any CPU.ActiveCfg = Release|Any CPU
		{13BB1B94-736A-45F7-812C-79D450625976}.Release|Any CPU.Build.0 = Release|Any CPU
		{A1A53687-20CD-4C2B-98A8-08ECC71F2BAD}.Debug|Any CPU.ActiveCfg = Debug|Any CPU
		{A1A53687-20CD-4C2B-98A8-08ECC71F2BAD}.Debug|Any CPU.Build.0 = Debug|Any CPU
		{A1A53687-20CD-4C2B-98A8-08ECC71F2BAD}.Release|Any CPU.ActiveCfg = Release|Any CPU
		{A1A53687-20CD-4C2B-98A8-08ECC71F2BAD}.Release|Any CPU.Build.0 = Release|Any CPU
		{41290E1D-A4DD-4538-B7A9-62F6359982C0}.Debug|Any CPU.ActiveCfg = Debug|Any CPU
		{41290E1D-A4DD-4538-B7A9-62F6359982C0}.Debug|Any CPU.Build.0 = Debug|Any CPU
		{41290E1D-A4DD-4538-B7A9-62F6359982C0}.Release|Any CPU.ActiveCfg = Release|Any CPU
		{41290E1D-A4DD-4538-B7A9-62F6359982C0}.Release|Any CPU.Build.0 = Release|Any CPU
		{3FD69A6D-F691-4824-98D2-AD7DEFC4820A}.Debug|Any CPU.ActiveCfg = Debug|Any CPU
		{3FD69A6D-F691-4824-98D2-AD7DEFC4820A}.Debug|Any CPU.Build.0 = Debug|Any CPU
		{3FD69A6D-F691-4824-98D2-AD7DEFC4820A}.Release|Any CPU.ActiveCfg = Release|Any CPU
		{3FD69A6D-F691-4824-98D2-AD7DEFC4820A}.Release|Any CPU.Build.0 = Release|Any CPU
		{F670BAE8-2AA8-44FD-9EFE-B292B0A4043A}.Debug|Any CPU.ActiveCfg = Debug|Any CPU
		{F670BAE8-2AA8-44FD-9EFE-B292B0A4043A}.Debug|Any CPU.Build.0 = Debug|Any CPU
		{F670BAE8-2AA8-44FD-9EFE-B292B0A4043A}.Release|Any CPU.ActiveCfg = Release|Any CPU
		{F670BAE8-2AA8-44FD-9EFE-B292B0A4043A}.Release|Any CPU.Build.0 = Release|Any CPU
		{8A14F958-A924-485A-9971-FFB82249939C}.Debug|Any CPU.ActiveCfg = Debug|Any CPU
		{8A14F958-A924-485A-9971-FFB82249939C}.Debug|Any CPU.Build.0 = Debug|Any CPU
		{8A14F958-A924-485A-9971-FFB82249939C}.Release|Any CPU.ActiveCfg = Release|Any CPU
		{8A14F958-A924-485A-9971-FFB82249939C}.Release|Any CPU.Build.0 = Release|Any CPU
	EndGlobalSection
	GlobalSection(SolutionProperties) = preSolution
		HideSolutionNode = FALSE
	EndGlobalSection
	GlobalSection(ExtensibilityGlobals) = postSolution
		SolutionGuid = {6B95ABEA-685B-4CAE-A920-1709D5430FB7}
	EndGlobalSection
EndGlobal
