
Microsoft Visual Studio Solution File, Format Version 12.00
# Visual Studio Version 16
VisualStudioVersion = 16.0.30709.132
MinimumVisualStudioVersion = 10.0.40219.1
Project("{9A19103F-16F7-4668-BE54-9A1E7A4F7556}") = "AdventOfCode.Runner", "AdventOfCode.Runner\AdventOfCode.Runner.csproj", "{CAFBE148-5CCA-48F4-8F7E-BD99221BBFD3}"
EndProject
Project("{6EC3EE1D-3C4E-46DD-8F32-0CC8E7565705}") = "AdventOfCode.Day01", "AdventOfCode.Day01\AdventOfCode.Day01.fsproj", "{3816D105-5C64-4B93-A077-3F46AB0D8E4B}"
EndProject
Project("{6EC3EE1D-3C4E-46DD-8F32-0CC8E7565705}") = "AdventOfCode.Day02", "AdventOfCode.Day02\AdventOfCode.Day02.fsproj", "{FBABA8E5-0F96-4717-B8DE-CFEE2D0445FA}"
EndProject
Project("{6EC3EE1D-3C4E-46DD-8F32-0CC8E7565705}") = "AdventOfCode.Day03", "AdventOfCode.Day03\AdventOfCode.Day03.fsproj", "{442EB8BB-ED5E-4BF0-8FEB-2EF1E4D95AA7}"
EndProject
Project("{6EC3EE1D-3C4E-46DD-8F32-0CC8E7565705}") = "AdventOfCode.Day04", "AdventOfCode.Day04\AdventOfCode.Day04.fsproj", "{45CE6CD4-8D39-403E-9757-3E1292767CB7}"
EndProject
Project("{6EC3EE1D-3C4E-46DD-8F32-0CC8E7565705}") = "AdventOfCode.Day05", "AdventOfCode.Day05\AdventOfCode.Day05.fsproj", "{8047B83C-D895-4AEF-9511-6A622246CC60}"
EndProject
Project("{6EC3EE1D-3C4E-46DD-8F32-0CC8E7565705}") = "AdventOfCode.Day06", "AdventOfCode.Day06\AdventOfCode.Day06.fsproj", "{7CE2652D-8EF4-43EF-8307-1BD2BCB41C4F}"
EndProject
Project("{F2A71F9B-5D33-465A-A702-920D77279786}") = "AdventOfCode.Day07", "AdventOfCode.Day07\AdventOfCode.Day07.fsproj", "{B78721DE-89CD-4F08-A2E2-CC9AFA58643B}"
EndProject
Project("{F2A71F9B-5D33-465A-A702-920D77279786}") = "AdventOfCode.Day08", "AdventOfCode.Day08\AdventOfCode.Day08.fsproj", "{204CCAB7-330E-4A76-9ED1-058A1D08459C}"
EndProject
Project("{F2A71F9B-5D33-465A-A702-920D77279786}") = "AdventOfCode.Day09", "AdventOfCode.Day09\AdventOfCode.Day09.fsproj", "{D1E3AE38-484C-418B-AAEB-865757DC4FF2}"
EndProject
Project("{F2A71F9B-5D33-465A-A702-920D77279786}") = "AdventOfCode.Day10", "AdventOfCode.Day10\AdventOfCode.Day10.fsproj", "{DB355EE2-2A36-4409-92D2-6625C3D11771}"
EndProject
Project("{F2A71F9B-5D33-465A-A702-920D77279786}") = "AdventOfCode.Day11", "AdventOfCode.Day11\AdventOfCode.Day11.fsproj", "{5E1ED4CC-BC59-4BD5-9A73-F2BFFDEA1572}"
EndProject
Global
	GlobalSection(SolutionConfigurationPlatforms) = preSolution
		Debug|Any CPU = Debug|Any CPU
		Release|Any CPU = Release|Any CPU
	EndGlobalSection
	GlobalSection(ProjectConfigurationPlatforms) = postSolution
		{CAFBE148-5CCA-48F4-8F7E-BD99221BBFD3}.Debug|Any CPU.ActiveCfg = Debug|Any CPU
		{CAFBE148-5CCA-48F4-8F7E-BD99221BBFD3}.Debug|Any CPU.Build.0 = Debug|Any CPU
		{CAFBE148-5CCA-48F4-8F7E-BD99221BBFD3}.Release|Any CPU.ActiveCfg = Release|Any CPU
		{CAFBE148-5CCA-48F4-8F7E-BD99221BBFD3}.Release|Any CPU.Build.0 = Release|Any CPU
		{3816D105-5C64-4B93-A077-3F46AB0D8E4B}.Debug|Any CPU.ActiveCfg = Debug|Any CPU
		{3816D105-5C64-4B93-A077-3F46AB0D8E4B}.Debug|Any CPU.Build.0 = Debug|Any CPU
		{3816D105-5C64-4B93-A077-3F46AB0D8E4B}.Release|Any CPU.ActiveCfg = Release|Any CPU
		{3816D105-5C64-4B93-A077-3F46AB0D8E4B}.Release|Any CPU.Build.0 = Release|Any CPU
		{FBABA8E5-0F96-4717-B8DE-CFEE2D0445FA}.Debug|Any CPU.ActiveCfg = Debug|Any CPU
		{FBABA8E5-0F96-4717-B8DE-CFEE2D0445FA}.Debug|Any CPU.Build.0 = Debug|Any CPU
		{FBABA8E5-0F96-4717-B8DE-CFEE2D0445FA}.Release|Any CPU.ActiveCfg = Release|Any CPU
		{FBABA8E5-0F96-4717-B8DE-CFEE2D0445FA}.Release|Any CPU.Build.0 = Release|Any CPU
		{442EB8BB-ED5E-4BF0-8FEB-2EF1E4D95AA7}.Debug|Any CPU.ActiveCfg = Debug|Any CPU
		{442EB8BB-ED5E-4BF0-8FEB-2EF1E4D95AA7}.Debug|Any CPU.Build.0 = Debug|Any CPU
		{442EB8BB-ED5E-4BF0-8FEB-2EF1E4D95AA7}.Release|Any CPU.ActiveCfg = Release|Any CPU
		{442EB8BB-ED5E-4BF0-8FEB-2EF1E4D95AA7}.Release|Any CPU.Build.0 = Release|Any CPU
		{45CE6CD4-8D39-403E-9757-3E1292767CB7}.Debug|Any CPU.ActiveCfg = Debug|Any CPU
		{45CE6CD4-8D39-403E-9757-3E1292767CB7}.Debug|Any CPU.Build.0 = Debug|Any CPU
		{45CE6CD4-8D39-403E-9757-3E1292767CB7}.Release|Any CPU.ActiveCfg = Release|Any CPU
		{45CE6CD4-8D39-403E-9757-3E1292767CB7}.Release|Any CPU.Build.0 = Release|Any CPU
		{8047B83C-D895-4AEF-9511-6A622246CC60}.Debug|Any CPU.ActiveCfg = Debug|Any CPU
		{8047B83C-D895-4AEF-9511-6A622246CC60}.Debug|Any CPU.Build.0 = Debug|Any CPU
		{8047B83C-D895-4AEF-9511-6A622246CC60}.Release|Any CPU.ActiveCfg = Release|Any CPU
		{8047B83C-D895-4AEF-9511-6A622246CC60}.Release|Any CPU.Build.0 = Release|Any CPU
		{7CE2652D-8EF4-43EF-8307-1BD2BCB41C4F}.Debug|Any CPU.ActiveCfg = Debug|Any CPU
		{7CE2652D-8EF4-43EF-8307-1BD2BCB41C4F}.Debug|Any CPU.Build.0 = Debug|Any CPU
		{7CE2652D-8EF4-43EF-8307-1BD2BCB41C4F}.Release|Any CPU.ActiveCfg = Release|Any CPU
		{7CE2652D-8EF4-43EF-8307-1BD2BCB41C4F}.Release|Any CPU.Build.0 = Release|Any CPU
		{B78721DE-89CD-4F08-A2E2-CC9AFA58643B}.Debug|Any CPU.ActiveCfg = Debug|Any CPU
		{B78721DE-89CD-4F08-A2E2-CC9AFA58643B}.Debug|Any CPU.Build.0 = Debug|Any CPU
		{B78721DE-89CD-4F08-A2E2-CC9AFA58643B}.Release|Any CPU.ActiveCfg = Release|Any CPU
		{B78721DE-89CD-4F08-A2E2-CC9AFA58643B}.Release|Any CPU.Build.0 = Release|Any CPU
		{204CCAB7-330E-4A76-9ED1-058A1D08459C}.Debug|Any CPU.ActiveCfg = Debug|Any CPU
		{204CCAB7-330E-4A76-9ED1-058A1D08459C}.Debug|Any CPU.Build.0 = Debug|Any CPU
		{204CCAB7-330E-4A76-9ED1-058A1D08459C}.Release|Any CPU.ActiveCfg = Release|Any CPU
		{204CCAB7-330E-4A76-9ED1-058A1D08459C}.Release|Any CPU.Build.0 = Release|Any CPU
		{D1E3AE38-484C-418B-AAEB-865757DC4FF2}.Debug|Any CPU.ActiveCfg = Debug|Any CPU
		{D1E3AE38-484C-418B-AAEB-865757DC4FF2}.Debug|Any CPU.Build.0 = Debug|Any CPU
		{D1E3AE38-484C-418B-AAEB-865757DC4FF2}.Release|Any CPU.ActiveCfg = Release|Any CPU
		{D1E3AE38-484C-418B-AAEB-865757DC4FF2}.Release|Any CPU.Build.0 = Release|Any CPU
		{DB355EE2-2A36-4409-92D2-6625C3D11771}.Debug|Any CPU.ActiveCfg = Debug|Any CPU
		{DB355EE2-2A36-4409-92D2-6625C3D11771}.Debug|Any CPU.Build.0 = Debug|Any CPU
		{DB355EE2-2A36-4409-92D2-6625C3D11771}.Release|Any CPU.ActiveCfg = Release|Any CPU
		{DB355EE2-2A36-4409-92D2-6625C3D11771}.Release|Any CPU.Build.0 = Release|Any CPU
		{5E1ED4CC-BC59-4BD5-9A73-F2BFFDEA1572}.Debug|Any CPU.ActiveCfg = Debug|Any CPU
		{5E1ED4CC-BC59-4BD5-9A73-F2BFFDEA1572}.Debug|Any CPU.Build.0 = Debug|Any CPU
		{5E1ED4CC-BC59-4BD5-9A73-F2BFFDEA1572}.Release|Any CPU.ActiveCfg = Release|Any CPU
		{5E1ED4CC-BC59-4BD5-9A73-F2BFFDEA1572}.Release|Any CPU.Build.0 = Release|Any CPU
	EndGlobalSection
	GlobalSection(SolutionProperties) = preSolution
		HideSolutionNode = FALSE
	EndGlobalSection
	GlobalSection(ExtensibilityGlobals) = postSolution
		SolutionGuid = {6B95ABEA-685B-4CAE-A920-1709D5430FB7}
	EndGlobalSection
EndGlobal
